{
  "name": "sentiment-test",
  "version": "1.0.0",
  "lockfileVersion": 1,
  "requires": true,
  "dependencies": {
    "sentiment": {
      "version": "4.1.0",
      "resolved": "https://registry.npmjs.org/sentiment/-/sentiment-4.1.0.tgz",
      "integrity": "sha1-g4RjWwb1wcHbo1nJnSDf2TF2TDg="
    }
  }
}
